
Microsoft Visual Studio Solution File, Format Version 12.00
# Visual Studio Version 17
VisualStudioVersion = 17.2.32616.157
MinimumVisualStudioVersion = 10.0.40219.1
Project("{888888A0-9F3D-457C-B088-3A5042F75D52}") = "Wisielec", "Wisielec.pyproj", "{8712CCE1-C3FF-4D71-B5CA-F5CB2BFE3403}"
EndProject
Global
	GlobalSection(SolutionConfigurationPlatforms) = preSolution
		Debug|Any CPU = Debug|Any CPU
		Release|Any CPU = Release|Any CPU
	EndGlobalSection
	GlobalSection(ProjectConfigurationPlatforms) = postSolution
		{8712CCE1-C3FF-4D71-B5CA-F5CB2BFE3403}.Debug|Any CPU.ActiveCfg = Debug|Any CPU
		{8712CCE1-C3FF-4D71-B5CA-F5CB2BFE3403}.Release|Any CPU.ActiveCfg = Release|Any CPU
	EndGlobalSection
	GlobalSection(SolutionProperties) = preSolution
		HideSolutionNode = FALSE
	EndGlobalSection
	GlobalSection(ExtensibilityGlobals) = postSolution
		SolutionGuid = {65FB325D-7170-4422-9213-8BAA442150B0}
	EndGlobalSection
EndGlobal
